
Microsoft Visual Studio Solution File, Format Version 12.00
# Visual Studio Version 17
VisualStudioVersion = 17.0.31903.59
MinimumVisualStudioVersion = 10.0.40219.1
Project("{2150E333-8FDC-42A3-9474-1A3956D46DE8}") = "src", "src", "{3C9263C9-3CDA-4789-8A6E-27AAA96AC89C}"
EndProject
Project("{FAE04EC0-301F-11D3-BF4B-00C04F79EFBC}") = "WarframeMarketNET", "src\WarframeMarketNET\WarframeMarketNET.csproj", "{430207F4-BAAD-4F01-968F-1BAF73CACD6D}"
EndProject
Project("{2150E333-8FDC-42A3-9474-1A3956D46DE8}") = "test", "test", "{BA886EFD-EC59-489E-A779-B6372CEC8E73}"
EndProject
Project("{FAE04EC0-301F-11D3-BF4B-00C04F79EFBC}") = "EndpointTesting", "test\EndpointTesting\EndpointTesting.csproj", "{3E06FC62-07CB-4988-95B0-45BFFD9B71F9}"
EndProject
Global
	GlobalSection(SolutionConfigurationPlatforms) = preSolution
		Debug|Any CPU = Debug|Any CPU
		Release|Any CPU = Release|Any CPU
	EndGlobalSection
	GlobalSection(SolutionProperties) = preSolution
		HideSolutionNode = FALSE
	EndGlobalSection
	GlobalSection(NestedProjects) = preSolution
		{430207F4-BAAD-4F01-968F-1BAF73CACD6D} = {3C9263C9-3CDA-4789-8A6E-27AAA96AC89C}
		{3E06FC62-07CB-4988-95B0-45BFFD9B71F9} = {BA886EFD-EC59-489E-A779-B6372CEC8E73}
	EndGlobalSection
	GlobalSection(ProjectConfigurationPlatforms) = postSolution
		{430207F4-BAAD-4F01-968F-1BAF73CACD6D}.Debug|Any CPU.ActiveCfg = Debug|Any CPU
		{430207F4-BAAD-4F01-968F-1BAF73CACD6D}.Debug|Any CPU.Build.0 = Debug|Any CPU
		{430207F4-BAAD-4F01-968F-1BAF73CACD6D}.Release|Any CPU.ActiveCfg = Release|Any CPU
		{430207F4-BAAD-4F01-968F-1BAF73CACD6D}.Release|Any CPU.Build.0 = Release|Any CPU
		{3E06FC62-07CB-4988-95B0-45BFFD9B71F9}.Debug|Any CPU.ActiveCfg = Debug|Any CPU
		{3E06FC62-07CB-4988-95B0-45BFFD9B71F9}.Debug|Any CPU.Build.0 = Debug|Any CPU
		{3E06FC62-07CB-4988-95B0-45BFFD9B71F9}.Release|Any CPU.ActiveCfg = Release|Any CPU
		{3E06FC62-07CB-4988-95B0-45BFFD9B71F9}.Release|Any CPU.Build.0 = Release|Any CPU
	EndGlobalSection
EndGlobal
